# THIS IS AN AUTOGENERATED FILE. DO NOT EDIT THIS FILE DIRECTLY.
# yarn lockfile v1


"@ethersproject/abi@5.1.2", "@ethersproject/abi@^5.1.0":
  version "5.1.2"
  resolved "https://registry.yarnpkg.com/@ethersproject/abi/-/abi-5.1.2.tgz#a8e75cd0455e6dc9e4861c3d1c22bbe436c1d775"
  integrity sha512-uMhoQVPX0UtfzTpekYQSEUcJGDgsJ25ifz+SV6PDETWaUFhcR8RNgb1QPTASP13inW8r6iy0/Xdq9D5hK2pNvA==
  dependencies:
    "@ethersproject/address" "^5.1.0"
    "@ethersproject/bignumber" "^5.1.0"
    "@ethersproject/bytes" "^5.1.0"
    "@ethersproject/constants" "^5.1.0"
    "@ethersproject/hash" "^5.1.0"
    "@ethersproject/keccak256" "^5.1.0"
    "@ethersproject/logger" "^5.1.0"
    "@ethersproject/properties" "^5.1.0"
    "@ethersproject/strings" "^5.1.0"

"@ethersproject/abstract-provider@5.1.0", "@ethersproject/abstract-provider@^5.1.0":
  version "5.1.0"
  resolved "https://registry.yarnpkg.com/@ethersproject/abstract-provider/-/abstract-provider-5.1.0.tgz#1f24c56cda5524ef4ed3cfc562a01d6b6f8eeb0b"
  integrity sha512-8dJUnT8VNvPwWhYIau4dwp7qe1g+KgdRm4XTWvjkI9gAT2zZa90WF5ApdZ3vl1r6NDmnn6vUVvyphClRZRteTQ==
  dependencies:
    "@ethersproject/bignumber" "^5.1.0"
    "@ethersproject/bytes" "^5.1.0"
    "@ethersproject/logger" "^5.1.0"
    "@ethersproject/networks" "^5.1.0"
    "@ethersproject/properties" "^5.1.0"
    "@ethersproject/transactions" "^5.1.0"
    "@ethersproject/web" "^5.1.0"

"@ethersproject/abstract-signer@5.1.0", "@ethersproject/abstract-signer@^5.1.0":
  version "5.1.0"
  resolved "https://registry.yarnpkg.com/@ethersproject/abstract-signer/-/abstract-signer-5.1.0.tgz#744c7a2d0ebe3cc0bc38294d0f53d5ca3f4e49e3"
  integrity sha512-qQDMkjGZSSJSKl6AnfTgmz9FSnzq3iEoEbHTYwjDlEAv+LNP7zd4ixCcVWlWyk+2siud856M5CRhAmPdupeN9w==
  dependencies:
    "@ethersproject/abstract-provider" "^5.1.0"
    "@ethersproject/bignumber" "^5.1.0"
    "@ethersproject/bytes" "^5.1.0"
    "@ethersproject/logger" "^5.1.0"
    "@ethersproject/properties" "^5.1.0"

"@ethersproject/address@5.1.0", "@ethersproject/address@^5.1.0":
  version "5.1.0"
  resolved "https://registry.yarnpkg.com/@ethersproject/address/-/address-5.1.0.tgz#3854fd7ebcb6af7597de66f847c3345dae735b58"
  integrity sha512-rfWQR12eHn2cpstCFS4RF7oGjfbkZb0oqep+BfrT+gWEGWG2IowJvIsacPOvzyS1jhNF4MQ4BS59B04Mbovteg==
  dependencies:
    "@ethersproject/bignumber" "^5.1.0"
    "@ethersproject/bytes" "^5.1.0"
    "@ethersproject/keccak256" "^5.1.0"
    "@ethersproject/logger" "^5.1.0"
    "@ethersproject/rlp" "^5.1.0"

"@ethersproject/base64@5.1.0", "@ethersproject/base64@^5.1.0":
  version "5.1.0"
  resolved "https://registry.yarnpkg.com/@ethersproject/base64/-/base64-5.1.0.tgz#27240c174d0a4e13f6eae87416fd876caf7f42b6"
  integrity sha512-npD1bLvK4Bcxz+m4EMkx+F8Rd7CnqS9DYnhNu0/GlQBXhWjvfoAZzk5HJ0f1qeyp8d+A86PTuzLOGOXf4/CN8g==
  dependencies:
    "@ethersproject/bytes" "^5.1.0"

"@ethersproject/basex@5.1.0", "@ethersproject/basex@^5.1.0":
  version "5.1.0"
  resolved "https://registry.yarnpkg.com/@ethersproject/basex/-/basex-5.1.0.tgz#80da2e86f9da0cb5ccd446b337364d791f6a131c"
  integrity sha512-vBKr39bum7DDbOvkr1Sj19bRMEPA4FnST6Utt6xhDzI7o7L6QNkDn2yrCfP+hnvJGhZFKtLygWwqlTBZoBXYLg==
  dependencies:
    "@ethersproject/bytes" "^5.1.0"
    "@ethersproject/properties" "^5.1.0"

"@ethersproject/bignumber@5.1.1", "@ethersproject/bignumber@^5.1.0":
  version "5.1.1"
  resolved "https://registry.yarnpkg.com/@ethersproject/bignumber/-/bignumber-5.1.1.tgz#84812695253ccbc639117f7ac49ee1529b68e637"
  integrity sha512-AVz5iqz7+70RIqoQTznsdJ6DOVBYciNlvO+AlQmPTB6ofCvoihI9bQdr6wljsX+d5W7Yc4nyvQvP4JMzg0Agig==
  dependencies:
    "@ethersproject/bytes" "^5.1.0"
    "@ethersproject/logger" "^5.1.0"
    bn.js "^4.4.0"

"@ethersproject/bytes@5.1.0", "@ethersproject/bytes@^5.1.0":
  version "5.1.0"
  resolved "https://registry.yarnpkg.com/@ethersproject/bytes/-/bytes-5.1.0.tgz#55dfa9c4c21df1b1b538be3accb50fb76d5facfd"
  integrity sha512-sGTxb+LVjFxJcJeUswAIK6ncgOrh3D8c192iEJd7mLr95V6du119rRfYT/b87WPkZ5I3gRBUYIYXtdgCWACe8g==
  dependencies:
    "@ethersproject/logger" "^5.1.0"

"@ethersproject/constants@5.1.0", "@ethersproject/constants@^5.1.0":
  version "5.1.0"
  resolved "https://registry.yarnpkg.com/@ethersproject/constants/-/constants-5.1.0.tgz#4e7da6367ea0e9be87585d8b09f3fccf384b1452"
  integrity sha512-0/SuHrxc8R8k+JiLmJymxHJbojUDWBQqO+b+XFdwaP0jGzqC09YDy/CAlSZB6qHsBifY8X3I89HcK/oMqxRdBw==
  dependencies:
    "@ethersproject/bignumber" "^5.1.0"

"@ethersproject/contracts@5.1.1":
  version "5.1.1"
  resolved "https://registry.yarnpkg.com/@ethersproject/contracts/-/contracts-5.1.1.tgz#c66cb6d618fcbd73e20a6b808e8f768b2b781d0b"
  integrity sha512-6WwktLJ0DFWU8pDkgH4IGttQHhQN4SnwKFu9h+QYVe48VGWtbDu4W8/q/7QA1u/HWlWMrKxqawPiZUJj0UMvOw==
  dependencies:
    "@ethersproject/abi" "^5.1.0"
    "@ethersproject/abstract-provider" "^5.1.0"
    "@ethersproject/abstract-signer" "^5.1.0"
    "@ethersproject/address" "^5.1.0"
    "@ethersproject/bignumber" "^5.1.0"
    "@ethersproject/bytes" "^5.1.0"
    "@ethersproject/constants" "^5.1.0"
    "@ethersproject/logger" "^5.1.0"
    "@ethersproject/properties" "^5.1.0"
    "@ethersproject/transactions" "^5.1.0"

"@ethersproject/hash@5.1.0", "@ethersproject/hash@^5.1.0":
  version "5.1.0"
  resolved "https://registry.yarnpkg.com/@ethersproject/hash/-/hash-5.1.0.tgz#40961d64837d57f580b7b055e0d74174876d891e"
  integrity sha512-fNwry20yLLPpnRRwm3fBL+2ksgO+KMadxM44WJmRIoTKzy4269+rbq9KFoe2LTqq2CXJM2CE70beGaNrpuqflQ==
  dependencies:
    "@ethersproject/abstract-signer" "^5.1.0"
    "@ethersproject/address" "^5.1.0"
    "@ethersproject/bignumber" "^5.1.0"
    "@ethersproject/bytes" "^5.1.0"
    "@ethersproject/keccak256" "^5.1.0"
    "@ethersproject/logger" "^5.1.0"
    "@ethersproject/properties" "^5.1.0"
    "@ethersproject/strings" "^5.1.0"

"@ethersproject/hdnode@5.1.0", "@ethersproject/hdnode@^5.1.0":
  version "5.1.0"
  resolved "https://registry.yarnpkg.com/@ethersproject/hdnode/-/hdnode-5.1.0.tgz#2bf5c4048935136ce83e9242e1bd570afcc0bc83"
  integrity sha512-obIWdlujloExPHWJGmhJO/sETOOo7SEb6qemV4f8kyFoXg+cJK+Ta9SvBrj7hsUK85n3LZeZJZRjjM7oez3Clg==
  dependencies:
    "@ethersproject/abstract-signer" "^5.1.0"
    "@ethersproject/basex" "^5.1.0"
    "@ethersproject/bignumber" "^5.1.0"
    "@ethersproject/bytes" "^5.1.0"
    "@ethersproject/logger" "^5.1.0"
    "@ethersproject/pbkdf2" "^5.1.0"
    "@ethersproject/properties" "^5.1.0"
    "@ethersproject/sha2" "^5.1.0"
    "@ethersproject/signing-key" "^5.1.0"
    "@ethersproject/strings" "^5.1.0"
    "@ethersproject/transactions" "^5.1.0"
    "@ethersproject/wordlists" "^5.1.0"

"@ethersproject/json-wallets@5.1.0", "@ethersproject/json-wallets@^5.1.0":
  version "5.1.0"
  resolved "https://registry.yarnpkg.com/@ethersproject/json-wallets/-/json-wallets-5.1.0.tgz#bba7af2e520e8aea4d3829d80520db5d2e4fb8d2"
  integrity sha512-00n2iBy27w8zrGZSiU762UOVuzCQZxUZxopsZC47++js6xUFuI74DHcJ5K/2pddlF1YBskvmMuboEu1geK8mnA==
  dependencies:
    "@ethersproject/abstract-signer" "^5.1.0"
    "@ethersproject/address" "^5.1.0"
    "@ethersproject/bytes" "^5.1.0"
    "@ethersproject/hdnode" "^5.1.0"
    "@ethersproject/keccak256" "^5.1.0"
    "@ethersproject/logger" "^5.1.0"
    "@ethersproject/pbkdf2" "^5.1.0"
    "@ethersproject/properties" "^5.1.0"
    "@ethersproject/random" "^5.1.0"
    "@ethersproject/strings" "^5.1.0"
    "@ethersproject/transactions" "^5.1.0"
    aes-js "3.0.0"
    scrypt-js "3.0.1"

"@ethersproject/keccak256@5.1.0", "@ethersproject/keccak256@^5.1.0":
  version "5.1.0"
  resolved "https://registry.yarnpkg.com/@ethersproject/keccak256/-/keccak256-5.1.0.tgz#fdcd88fb13bfef4271b225cdd8dec4d315c8e60e"
  integrity sha512-vrTB1W6AEYoadww5c9UyVJ2YcSiyIUTNDRccZIgwTmFFoSHwBtcvG1hqy9RzJ1T0bMdATbM9Hfx2mJ6H0i7Hig==
  dependencies:
    "@ethersproject/bytes" "^5.1.0"
    js-sha3 "0.5.7"

"@ethersproject/logger@5.1.0", "@ethersproject/logger@^5.1.0":
  version "5.1.0"
  resolved "https://registry.yarnpkg.com/@ethersproject/logger/-/logger-5.1.0.tgz#4cdeeefac029373349d5818f39c31b82cc6d9bbf"
  integrity sha512-wtUaD1lBX10HBXjjKV9VHCBnTdUaKQnQ2XSET1ezglqLdPdllNOIlLfhyCRqXm5xwcjExVI5ETokOYfjPtaAlw==

"@ethersproject/networks@5.1.0", "@ethersproject/networks@^5.1.0":
  version "5.1.0"
  resolved "https://registry.yarnpkg.com/@ethersproject/networks/-/networks-5.1.0.tgz#f537290cb05aa6dc5e81e910926c04cfd5814bca"
  integrity sha512-A/NIrIED/G/IgU1XUukOA3WcFRxn2I4O5GxsYGA5nFlIi+UZWdGojs85I1VXkR1gX9eFnDXzjE6OtbgZHjFhIA==
  dependencies:
    "@ethersproject/logger" "^5.1.0"

"@ethersproject/pbkdf2@5.1.0", "@ethersproject/pbkdf2@^5.1.0":
  version "5.1.0"
  resolved "https://registry.yarnpkg.com/@ethersproject/pbkdf2/-/pbkdf2-5.1.0.tgz#6b740a85dc780e879338af74856ca2c0d3b24d19"
  integrity sha512-B8cUbHHTgs8OtgJIafrRcz/YPDobVd5Ru8gTnShOiM9EBuFpYHQpq3+8iQJ6pyczDu6HP/oc/njAsIBhwFZYew==
  dependencies:
    "@ethersproject/bytes" "^5.1.0"
    "@ethersproject/sha2" "^5.1.0"

"@ethersproject/properties@5.1.0", "@ethersproject/properties@^5.1.0":
  version "5.1.0"
  resolved "https://registry.yarnpkg.com/@ethersproject/properties/-/properties-5.1.0.tgz#9484bd6def16595fc6e4bdc26f29dff4d3f6ac42"
  integrity sha512-519KKTwgmH42AQL3+GFV3SX6khYEfHsvI6v8HYejlkigSDuqttdgVygFTDsGlofNFchhDwuclrxQnD5B0YLNMg==
  dependencies:
    "@ethersproject/logger" "^5.1.0"

"@ethersproject/providers@5.1.2":
  version "5.1.2"
  resolved "https://registry.yarnpkg.com/@ethersproject/providers/-/providers-5.1.2.tgz#4e4459698903f911402fe91aa7544eb07f3921ed"
  integrity sha512-GqsS8rd+eyd4eNkcNgzZ4l9IRULBPUZa7JPnv22k4MHflMobUseyhfbVnmoN5bVNNkOxjV1IPTw9i0sV1hwdpg==
  dependencies:
    "@ethersproject/abstract-provider" "^5.1.0"
    "@ethersproject/abstract-signer" "^5.1.0"
    "@ethersproject/address" "^5.1.0"
    "@ethersproject/basex" "^5.1.0"
    "@ethersproject/bignumber" "^5.1.0"
    "@ethersproject/bytes" "^5.1.0"
    "@ethersproject/constants" "^5.1.0"
    "@ethersproject/hash" "^5.1.0"
    "@ethersproject/logger" "^5.1.0"
    "@ethersproject/networks" "^5.1.0"
    "@ethersproject/properties" "^5.1.0"
    "@ethersproject/random" "^5.1.0"
    "@ethersproject/rlp" "^5.1.0"
    "@ethersproject/sha2" "^5.1.0"
    "@ethersproject/strings" "^5.1.0"
    "@ethersproject/transactions" "^5.1.0"
    "@ethersproject/web" "^5.1.0"
    bech32 "1.1.4"
    ws "7.2.3"

"@ethersproject/random@5.1.0", "@ethersproject/random@^5.1.0":
  version "5.1.0"
  resolved "https://registry.yarnpkg.com/@ethersproject/random/-/random-5.1.0.tgz#0bdff2554df03ebc5f75689614f2d58ea0d9a71f"
  integrity sha512-+uuczLQZ4+no9cP6TCoCktXx0u2YbNaRT7lRkSt12d8263e702f0u+4JnnRO8Qmv5nylWJebnqCHzyxP+6mLqw==
  dependencies:
    "@ethersproject/bytes" "^5.1.0"
    "@ethersproject/logger" "^5.1.0"

"@ethersproject/rlp@5.1.0", "@ethersproject/rlp@^5.1.0":
  version "5.1.0"
  resolved "https://registry.yarnpkg.com/@ethersproject/rlp/-/rlp-5.1.0.tgz#700f4f071c27fa298d3c1d637485fefe919dd084"
  integrity sha512-vDTyHIwNPrecy55gKGZ47eJZhBm8LLBxihzi5ou+zrSvYTpkSTWRcKUlXFDFQVwfWB+P5PGyERAdiDEI76clxw==
  dependencies:
    "@ethersproject/bytes" "^5.1.0"
    "@ethersproject/logger" "^5.1.0"

"@ethersproject/sha2@5.1.0", "@ethersproject/sha2@^5.1.0":
  version "5.1.0"
  resolved "https://registry.yarnpkg.com/@ethersproject/sha2/-/sha2-5.1.0.tgz#6ca42d1a26884b3e32ffa943fe6494af7211506c"
  integrity sha512-+fNSeZRstOpdRJpdGUkRONFCaiAqWkc91zXgg76Nlp5ndBQE25Kk5yK8gCPG1aGnCrbariiPr5j9DmrYH78JCA==
  dependencies:
    "@ethersproject/bytes" "^5.1.0"
    "@ethersproject/logger" "^5.1.0"
    hash.js "1.1.3"

"@ethersproject/signing-key@5.1.0", "@ethersproject/signing-key@^5.1.0":
  version "5.1.0"
  resolved "https://registry.yarnpkg.com/@ethersproject/signing-key/-/signing-key-5.1.0.tgz#6eddfbddb6826b597b9650e01acf817bf8991b9c"
  integrity sha512-tE5LFlbmdObG8bY04NpuwPWSRPgEswfxweAI1sH7TbP0ml1elNfqcq7ii/3AvIN05i5U0Pkm3Tf8bramt8MmLw==
  dependencies:
    "@ethersproject/bytes" "^5.1.0"
    "@ethersproject/logger" "^5.1.0"
    "@ethersproject/properties" "^5.1.0"
    bn.js "^4.4.0"
    elliptic "6.5.4"

"@ethersproject/solidity@5.1.0":
  version "5.1.0"
  resolved "https://registry.yarnpkg.com/@ethersproject/solidity/-/solidity-5.1.0.tgz#095a9c75244edccb26c452c155736d363399b954"
  integrity sha512-kPodsGyo9zg1g9XSXp1lGhFaezBAUUsAUB1Vf6OkppE5Wksg4Et+x3kG4m7J/uShDMP2upkJtHNsIBK2XkVpKQ==
  dependencies:
    "@ethersproject/bignumber" "^5.1.0"
    "@ethersproject/bytes" "^5.1.0"
    "@ethersproject/keccak256" "^5.1.0"
    "@ethersproject/sha2" "^5.1.0"
    "@ethersproject/strings" "^5.1.0"

"@ethersproject/strings@5.1.0", "@ethersproject/strings@^5.1.0":
  version "5.1.0"
  resolved "https://registry.yarnpkg.com/@ethersproject/strings/-/strings-5.1.0.tgz#0f95a56c3c8c9d5510a06c241d818779750e2da5"
  integrity sha512-perBZy0RrmmL0ejiFGUOlBVjMsUceqLut3OBP3zP96LhiJWWbS8u1NqQVgN4/Gyrbziuda66DxiQocXhsvx+Sw==
  dependencies:
    "@ethersproject/bytes" "^5.1.0"
    "@ethersproject/constants" "^5.1.0"
    "@ethersproject/logger" "^5.1.0"

"@ethersproject/transactions@5.1.1", "@ethersproject/transactions@^5.1.0":
  version "5.1.1"
  resolved "https://registry.yarnpkg.com/@ethersproject/transactions/-/transactions-5.1.1.tgz#5a6bbb25fb062c3cc75eb0db12faefcdd3870813"
  integrity sha512-Nwgbp09ttIVN0OoUBatCXaHxR7grWPHbozJN8v7AXDLrl6nnOIBEMDh+yJTnosSQlFhcyjfTGGN+Mx6R8HdvMw==
  dependencies:
    "@ethersproject/address" "^5.1.0"
    "@ethersproject/bignumber" "^5.1.0"
    "@ethersproject/bytes" "^5.1.0"
    "@ethersproject/constants" "^5.1.0"
    "@ethersproject/keccak256" "^5.1.0"
    "@ethersproject/logger" "^5.1.0"
    "@ethersproject/properties" "^5.1.0"
    "@ethersproject/rlp" "^5.1.0"
    "@ethersproject/signing-key" "^5.1.0"

"@ethersproject/units@5.1.0":
  version "5.1.0"
  resolved "https://registry.yarnpkg.com/@ethersproject/units/-/units-5.1.0.tgz#b6ab3430ebc22adc3cb4839516496f167bee3ad5"
  integrity sha512-isvJrx6qG0nKWfxsGORNjmOq/nh175fStfvRTA2xEKrGqx8JNJY83fswu4GkILowfriEM/eYpretfJnfzi7YhA==
  dependencies:
    "@ethersproject/bignumber" "^5.1.0"
    "@ethersproject/constants" "^5.1.0"
    "@ethersproject/logger" "^5.1.0"

"@ethersproject/wallet@5.1.0":
  version "5.1.0"
  resolved "https://registry.yarnpkg.com/@ethersproject/wallet/-/wallet-5.1.0.tgz#134c5816eaeaa586beae9f9ff67891104a2c9a15"
  integrity sha512-ULmUtiYQLTUS+y3DgkLzRhFEK10zMwmjOthnjiZxee3Q/MVwr3rnmuAnXIUZrPjna6hvUPnyRIdW5XuF0Ld0YQ==
  dependencies:
    "@ethersproject/abstract-provider" "^5.1.0"
    "@ethersproject/abstract-signer" "^5.1.0"
    "@ethersproject/address" "^5.1.0"
    "@ethersproject/bignumber" "^5.1.0"
    "@ethersproject/bytes" "^5.1.0"
    "@ethersproject/hash" "^5.1.0"
    "@ethersproject/hdnode" "^5.1.0"
    "@ethersproject/json-wallets" "^5.1.0"
    "@ethersproject/keccak256" "^5.1.0"
    "@ethersproject/logger" "^5.1.0"
    "@ethersproject/properties" "^5.1.0"
    "@ethersproject/random" "^5.1.0"
    "@ethersproject/signing-key" "^5.1.0"
    "@ethersproject/transactions" "^5.1.0"
    "@ethersproject/wordlists" "^5.1.0"

"@ethersproject/web@5.1.0", "@ethersproject/web@^5.1.0":
  version "5.1.0"
  resolved "https://registry.yarnpkg.com/@ethersproject/web/-/web-5.1.0.tgz#ed56bbe4e3d9a8ffe3b2ed882da5c62d3551381b"
  integrity sha512-LTeluWgTq04+RNqAkVhpydPcRZK/kKxD2Vy7PYGrAD27ABO9kTqTBKwiOuzTyAHKUQHfnvZbXmxBXJAGViSDcA==
  dependencies:
    "@ethersproject/base64" "^5.1.0"
    "@ethersproject/bytes" "^5.1.0"
    "@ethersproject/logger" "^5.1.0"
    "@ethersproject/properties" "^5.1.0"
    "@ethersproject/strings" "^5.1.0"

"@ethersproject/wordlists@5.1.0", "@ethersproject/wordlists@^5.1.0":
  version "5.1.0"
  resolved "https://registry.yarnpkg.com/@ethersproject/wordlists/-/wordlists-5.1.0.tgz#54eb9ef3a00babbff90ffe124e19c89e07e6aace"
  integrity sha512-NsUCi/TpBb+oTFvMSccUkJGtp5o/84eOyqp5q5aBeiNBSLkYyw21znRn9mAmxZgySpxgruVgKbaapnYPgvctPQ==
  dependencies:
    "@ethersproject/bytes" "^5.1.0"
    "@ethersproject/hash" "^5.1.0"
    "@ethersproject/logger" "^5.1.0"
    "@ethersproject/properties" "^5.1.0"
    "@ethersproject/strings" "^5.1.0"

"@keydonix/uniswap-oracle-contracts@file:../contracts":
  version "1.0.6"

"@keydonix/uniswap-oracle-sdk@file:../sdk":
  version "1.0.6"

"@peculiar/asn1-schema@^2.0.27", "@peculiar/asn1-schema@^2.0.3":
  version "2.0.32"
  resolved "https://registry.yarnpkg.com/@peculiar/asn1-schema/-/asn1-schema-2.0.32.tgz#8711214df06859dbea5491ca0b400602adfbfc45"
  integrity sha512-JzGUVxOFN+RKslJrGAxcq4l6tEmmLY1XuALHINVxc8BJsB4bXOdZzTvxbN9dCPk65Vbulno0B6DmImZ7I6SO8w==
  dependencies:
    "@types/asn1js" "^2.0.0"
    asn1js "^2.1.1"
    pvtsutils "^1.1.2"
    tslib "^2.2.0"

"@peculiar/json-schema@^1.1.10", "@peculiar/json-schema@^1.1.12":
  version "1.1.12"
  resolved "https://registry.yarnpkg.com/@peculiar/json-schema/-/json-schema-1.1.12.tgz#fe61e85259e3b5ba5ad566cb62ca75b3d3cd5339"
  integrity sha512-coUfuoMeIB7B8/NMekxaDzLhaYmp0HZNPEjYRm9goRou8UZIC3z21s0sL9AWoCw4EG876QyO3kYrc61WNF9B/w==
  dependencies:
    tslib "^2.0.0"

"@peculiar/webcrypto@1.1.1":
  version "1.1.1"
  resolved "https://registry.yarnpkg.com/@peculiar/webcrypto/-/webcrypto-1.1.1.tgz#4c7498e4861878e299ef058bce1208a4d063d0ff"
  integrity sha512-Bu2XgOvzirnLcojZYs4KQ8hOLf2ETpa0NL6btQt5NgsAwctI6yVkzgYP+EcG7Mm579RBP+V0LM5rXyMlTVx23A==
  dependencies:
    "@peculiar/asn1-schema" "^2.0.3"
    "@peculiar/json-schema" "^1.1.10"
    pvtsutils "^1.0.10"
    tslib "^1.11.2"
    webcrypto-core "^1.1.0"

"@types/asn1js@^2.0.0":
  version "2.0.0"
  resolved "https://registry.yarnpkg.com/@types/asn1js/-/asn1js-2.0.0.tgz#10ca75692575744d0117098148a8dc84cbee6682"
  integrity sha512-Jjzp5EqU0hNpADctc/UqhiFbY1y2MqIxBVa2S4dBlbnZHTLPMuggoL5q43X63LpsOIINRDirBjP56DUUKIUWIA==

"@types/jasmine@3.5.10":
  version "3.5.10"
  resolved "https://registry.yarnpkg.com/@types/jasmine/-/jasmine-3.5.10.tgz#a1a41012012b5da9d4b205ba9eba58f6cce2ab7b"
  integrity sha512-3F8qpwBAiVc5+HPJeXJpbrl+XjawGmciN5LgiO7Gv1pl1RHtjoMNqZpqEksaPJW05ViKe8snYInRs6xB25Xdew==

"@types/node-fetch@2.5.7":
  version "2.5.7"
  resolved "https://registry.yarnpkg.com/@types/node-fetch/-/node-fetch-2.5.7.tgz#20a2afffa882ab04d44ca786449a276f9f6bbf3c"
  integrity sha512-o2WVNf5UhWRkxlf6eq+jMZDu7kjgpgJfl4xVNlvryc95O/6F2ld8ztKX+qu+Rjyet93WAWm5LjeX9H5FGkODvw==
  dependencies:
    "@types/node" "*"
    form-data "^3.0.0"

"@types/node@*":
  version "15.0.1"
  resolved "https://registry.yarnpkg.com/@types/node/-/node-15.0.1.tgz#ef34dea0881028d11398be5bf4e856743e3dc35a"
  integrity sha512-TMkXt0Ck1y0KKsGr9gJtWGjttxlZnnvDtphxUOSd0bfaR6Q1jle+sPvrzNR1urqYTWMinoKvjKfXUGsumaO1PA==

"@types/node@14.0.5":
  version "14.0.5"
  resolved "https://registry.yarnpkg.com/@types/node/-/node-14.0.5.tgz#3d03acd3b3414cf67faf999aed11682ed121f22b"
  integrity sha512-90hiq6/VqtQgX8Sp0EzeIsv3r+ellbGj4URKj5j30tLlZvRUpnAe9YbYnjl3pJM93GyXU0tghHhvXHq+5rnCKA==

"@zoltu/ethereum-abi-encoder@5.0.1":
  version "5.0.1"
  resolved "https://registry.yarnpkg.com/@zoltu/ethereum-abi-encoder/-/ethereum-abi-encoder-5.0.1.tgz#f72d7d62c3de7bef11df4a41f6d3f0950d57561f"
  integrity sha512-vrlai0bww2GvlLXe2yL6uN9LjoYmUDFjhyjuNRLA/XxbBW+dHky3FXZ5kHD8FU7IMY6utIT4QwswiL1Mgieldg==

"@zoltu/ethereum-crypto@2.1.1":
  version "2.1.1"
  resolved "https://registry.yarnpkg.com/@zoltu/ethereum-crypto/-/ethereum-crypto-2.1.1.tgz#60edfb72e4b1ea281e36c5192c8d82655da3f74d"
  integrity sha512-+Nt58vcVtp93UO3ZWt9PvUGMVKbJ4qRwWcFOmu+LkwvjSpBy6X51+sMiNkzgIaYGo/YpWWZ4hZCvluDSngOxHw==

"@zoltu/ethereum-fetch-json-rpc@13.0.0":
  version "13.0.0"
  resolved "https://registry.yarnpkg.com/@zoltu/ethereum-fetch-json-rpc/-/ethereum-fetch-json-rpc-13.0.0.tgz#8442e8ab5d643802c13e4f6ef00002a6bfe6955a"
  integrity sha512-u5HFL4Iljw42rzOibc485QskVhNXD4LRb6Lr0xUnerpPOc9s2hQcHXAwPMfRralVXyrMlgVOLjOuUoZE6EZztA==
  dependencies:
    "@zoltu/ethereum-types" "9.0.0"

"@zoltu/ethereum-types@9.0.0":
  version "9.0.0"
  resolved "https://registry.yarnpkg.com/@zoltu/ethereum-types/-/ethereum-types-9.0.0.tgz#790ed5a123f12da9774c8efada9f95a391a46bef"
  integrity sha512-6dVFV5KfecaEoHNQzetBtYVFUQwdo7Am2k+3HTcTMwY0m5zcUxJSfZzjWdsEsy9xRII8uGg6JLq1KZYQ4mxnEg==

"@zoltu/rlp-encoder@2.0.0":
  version "2.0.0"
  resolved "https://registry.yarnpkg.com/@zoltu/rlp-encoder/-/rlp-encoder-2.0.0.tgz#10568088f0ab4d801a909f349f3a1e4bee10444c"
  integrity sha512-JybDoEKQvfmtqRARS/4KSZTOTTkNScjm4sjsNXiXx0LBZLONPj8JMRtteR/A9n7+CgDNN6ZA0qnFFm/pXCQXnw==

"@zoltu/solidity-typescript-generator-fetch-dependencies@5.0.2":
  version "5.0.2"
  resolved "https://registry.yarnpkg.com/@zoltu/solidity-typescript-generator-fetch-dependencies/-/solidity-typescript-generator-fetch-dependencies-5.0.2.tgz#5d4ac99a7fdf8e482506cdbc43a959ce0774390b"
  integrity sha512-9vRtaQtbLDK8GvhiqAbx7goXDPZIg3nlxHcgTpDBCZZ1MdL3GSsaccjLutyg/68hgtUd7uNxcY+Y3gavLebS0A==
  dependencies:
    "@zoltu/ethereum-abi-encoder" "5.0.1"
    "@zoltu/ethereum-crypto" "2.1.1"
    "@zoltu/ethereum-fetch-json-rpc" "13.0.0"

"@zoltu/solidity-typescript-generator@4.0.3":
  version "4.0.3"
  resolved "https://registry.yarnpkg.com/@zoltu/solidity-typescript-generator/-/solidity-typescript-generator-4.0.3.tgz#abfb133ebe80ed6053562e3822c9a254c8384dcc"
  integrity sha512-gKTRhJBr5Xc/G8ECNcu2Bo2JmXjg0Q3Oteqsv68UCvMcy6dTzLXkB0lqnlyL8xahIpqc1a8HMBx31WP12xBuYw==
  dependencies:
    "@zoltu/ethereum-abi-encoder" "5.0.1"
    "@zoltu/ethereum-crypto" "2.1.1"

aes-js@3.0.0:
  version "3.0.0"
  resolved "https://registry.yarnpkg.com/aes-js/-/aes-js-3.0.0.tgz#e21df10ad6c2053295bcbb8dab40b09dbea87e4d"
  integrity sha1-4h3xCtbCBTKVvLuNq0Cwnb6ofk0=

arg@^4.1.0:
  version "4.1.3"
  resolved "https://registry.yarnpkg.com/arg/-/arg-4.1.3.tgz#269fc7ad5b8e42cb63c896d5666017261c144089"
  integrity sha512-58S9QDqG0Xx27YwPSt9fJxivjYl432YCwfDMfZ+71RAqUrZef7LrKQZ3LHLOwCS4FLNBplP533Zx895SeOCHvA==

asn1js@^2.0.26, asn1js@^2.1.1:
  version "2.1.1"
  resolved "https://registry.yarnpkg.com/asn1js/-/asn1js-2.1.1.tgz#bb3896191ebb5fb1caeda73436a6c6e20a2eedff"
  integrity sha512-t9u0dU0rJN4ML+uxgN6VM2Z4H5jWIYm0w8LsZLzMJaQsgL3IJNbxHgmbWDvJAwspyHpDFuzUaUFh4c05UB4+6g==
  dependencies:
    pvutils latest

asynckit@^0.4.0:
  version "0.4.0"
  resolved "https://registry.yarnpkg.com/asynckit/-/asynckit-0.4.0.tgz#c79ed97f7f34cb8f2ba1bc9790bcc366474b4b79"
  integrity sha1-x57Zf380y48robyXkLzDZkdLS3k=

balanced-match@^1.0.0:
  version "1.0.2"
  resolved "https://registry.yarnpkg.com/balanced-match/-/balanced-match-1.0.2.tgz#e83e3a7e3f300b34cb9d87f615fa0cbf357690ee"
  integrity sha512-3oSeUO0TMV67hN1AmbXsK4yaqU7tjiHlbxRDZOpH0KW9+CeX4bRAaX0Anxt0tx2MrpRpWwQaPwIlISEJhYU5Pw==

bech32@1.1.4:
  version "1.1.4"
  resolved "https://registry.yarnpkg.com/bech32/-/bech32-1.1.4.tgz#e38c9f37bf179b8eb16ae3a772b40c356d4832e9"
  integrity sha512-s0IrSOzLlbvX7yp4WBfPITzpAU8sqQcpsmwXDiKwrG4r491vwCO/XpejasRNl0piBMe/DvP4Tz0mIS/X1DPJBQ==

bignumber.js@^9.0.1:
  version "9.0.1"
  resolved "https://registry.yarnpkg.com/bignumber.js/-/bignumber.js-9.0.1.tgz#8d7ba124c882bfd8e43260c67475518d0689e4e5"
  integrity sha512-IdZR9mh6ahOBv/hYGiXyVuyCetmGJhtYkqLBpTStdhEGjegpPlUawydyaF3pbIOFynJTpllEs+NP+CS9jKFLjA==

bn.js@^4.11.9, bn.js@^4.4.0:
  version "4.12.0"
  resolved "https://registry.yarnpkg.com/bn.js/-/bn.js-4.12.0.tgz#775b3f278efbb9718eec7361f483fb36fbbfea88"
  integrity sha512-c98Bf3tPniI+scsdk237ku1Dc3ujXQTSgyiPUDEOe7tRkhrqridvh8klBv0HCEso1OLOYcHuCv/cS6DNxKH+ZA==

brace-expansion@^1.1.7:
  version "1.1.11"
  resolved "https://registry.yarnpkg.com/brace-expansion/-/brace-expansion-1.1.11.tgz#3c7fcbf529d87226f3d2f52b966ff5271eb441dd"
  integrity sha512-iCuPHDFgrHX7H2vEI/5xpz07zSHB00TpugqhmYtVmMO6518mCuRMoOYFldEBl0g187ufozdaHgWKcYFb61qGiA==
  dependencies:
    balanced-match "^1.0.0"
    concat-map "0.0.1"

brorand@^1.1.0:
  version "1.1.0"
  resolved "https://registry.yarnpkg.com/brorand/-/brorand-1.1.0.tgz#12c25efe40a45e3c323eb8675a0a0ce57b22371f"
  integrity sha1-EsJe/kCkXjwyPrhnWgoM5XsiNx8=

buffer-from@^1.0.0:
  version "1.1.1"
  resolved "https://registry.yarnpkg.com/buffer-from/-/buffer-from-1.1.1.tgz#32713bc028f75c02fdb710d7c7bcec1f2c6070ef"
  integrity sha512-MQcXEUbCKtEo7bhqEs6560Hyd4XaovZlO/k9V3hjVUF/zwW7KBVdSK4gIt/bzwS9MbR5qob+F5jusZsb0YQK2A==

combined-stream@^1.0.8:
  version "1.0.8"
  resolved "https://registry.yarnpkg.com/combined-stream/-/combined-stream-1.0.8.tgz#c3d45a8b34fd730631a110a8a2520682b31d5a7f"
  integrity sha512-FQN4MRfuJeHf7cBbBMJFXhKSDq+2kAArBlmRBvcvFE5BB1HZKXtSFASDhdlz9zOYwxh8lDdnvmMOe/+5cdoEdg==
  dependencies:
    delayed-stream "~1.0.0"

command-exists@^1.2.8:
  version "1.2.9"
  resolved "https://registry.yarnpkg.com/command-exists/-/command-exists-1.2.9.tgz#c50725af3808c8ab0260fd60b01fbfa25b954f69"
  integrity sha512-LTQ/SGc+s0Xc0Fu5WaKnR0YiygZkm9eKFvyS+fRsU7/ZWFF8ykFM6Pc9aCVf1+xasOOZpO3BAVgVrKvsqKHV7w==

commander@3.0.2:
  version "3.0.2"
  resolved "https://registry.yarnpkg.com/commander/-/commander-3.0.2.tgz#6837c3fb677ad9933d1cfba42dd14d5117d6b39e"
  integrity sha512-Gar0ASD4BDyKC4hl4DwHqDrmvjoxWKZigVnAbn5H1owvm4CxCPdb0HQDehwNYMJpla5+M2tPmPARzhtYuwpHow==

concat-map@0.0.1:
  version "0.0.1"
  resolved "https://registry.yarnpkg.com/concat-map/-/concat-map-0.0.1.tgz#d8a96bd77fd68df7793a73036a3ba0d5405d477b"
  integrity sha1-2Klr13/Wjfd5OnMDajug1UBdR3s=

delayed-stream@~1.0.0:
  version "1.0.0"
  resolved "https://registry.yarnpkg.com/delayed-stream/-/delayed-stream-1.0.0.tgz#df3ae199acadfb7d440aaae0b29e2272b24ec619"
  integrity sha1-3zrhmayt+31ECqrgsp4icrJOxhk=

diff@^4.0.1:
  version "4.0.2"
  resolved "https://registry.yarnpkg.com/diff/-/diff-4.0.2.tgz#60f3aecb89d5fae520c11aa19efc2bb982aade7d"
  integrity sha512-58lmxKSA4BNyLz+HHMUzlOEpg09FV+ev6ZMe3vJihgdxzgcwZ8VoEEPmALCZG9LmqfVoNMMKpttIYTVG6uDY7A==

elliptic@6.5.4:
  version "6.5.4"
  resolved "https://registry.yarnpkg.com/elliptic/-/elliptic-6.5.4.tgz#da37cebd31e79a1367e941b592ed1fbebd58abbb"
  integrity sha512-iLhC6ULemrljPZb+QutR5TQGB+pdW6KGD5RSegS+8sorOZT+rdQFbsQFJgvN3eRqNALqJer4oQ16YvJHlU8hzQ==
  dependencies:
    bn.js "^4.11.9"
    brorand "^1.1.0"
    hash.js "^1.0.0"
    hmac-drbg "^1.0.1"
    inherits "^2.0.4"
    minimalistic-assert "^1.0.1"
    minimalistic-crypto-utils "^1.0.1"

ethers@^5.1.4:
  version "5.1.4"
  resolved "https://registry.yarnpkg.com/ethers/-/ethers-5.1.4.tgz#8ae973705ed962f8f41dc59693704002a38dd18b"
  integrity sha512-EAPQ/fgGRu0PoR/VNFnHTMOtG/IZ0AItdW55C9T8ffmVu0rnyllZL404eBF66elJehOLz2kxnUrhXpE7TCpW7g==
  dependencies:
    "@ethersproject/abi" "5.1.2"
    "@ethersproject/abstract-provider" "5.1.0"
    "@ethersproject/abstract-signer" "5.1.0"
    "@ethersproject/address" "5.1.0"
    "@ethersproject/base64" "5.1.0"
    "@ethersproject/basex" "5.1.0"
    "@ethersproject/bignumber" "5.1.1"
    "@ethersproject/bytes" "5.1.0"
    "@ethersproject/constants" "5.1.0"
    "@ethersproject/contracts" "5.1.1"
    "@ethersproject/hash" "5.1.0"
    "@ethersproject/hdnode" "5.1.0"
    "@ethersproject/json-wallets" "5.1.0"
    "@ethersproject/keccak256" "5.1.0"
    "@ethersproject/logger" "5.1.0"
    "@ethersproject/networks" "5.1.0"
    "@ethersproject/pbkdf2" "5.1.0"
    "@ethersproject/properties" "5.1.0"
    "@ethersproject/providers" "5.1.2"
    "@ethersproject/random" "5.1.0"
    "@ethersproject/rlp" "5.1.0"
    "@ethersproject/sha2" "5.1.0"
    "@ethersproject/signing-key" "5.1.0"
    "@ethersproject/solidity" "5.1.0"
    "@ethersproject/strings" "5.1.0"
    "@ethersproject/transactions" "5.1.1"
    "@ethersproject/units" "5.1.0"
    "@ethersproject/wallet" "5.1.0"
    "@ethersproject/web" "5.1.0"
    "@ethersproject/wordlists" "5.1.0"

form-data@^3.0.0:
  version "3.0.1"
  resolved "https://registry.yarnpkg.com/form-data/-/form-data-3.0.1.tgz#ebd53791b78356a99af9a300d4282c4d5eb9755f"
  integrity sha512-RHkBKtLWUVwd7SqRIvCZMEvAMoGUp0XU+seQiZejj0COz3RI3hWP4sCv3gZWWLjJTd7rGwcsF5eKZGii0r/hbg==
  dependencies:
    asynckit "^0.4.0"
    combined-stream "^1.0.8"
    mime-types "^2.1.12"

fs-extra@^0.30.0:
  version "0.30.0"
  resolved "https://registry.yarnpkg.com/fs-extra/-/fs-extra-0.30.0.tgz#f233ffcc08d4da7d432daa449776989db1df93f0"
  integrity sha1-8jP/zAjU2n1DLapEl3aYnbHfk/A=
  dependencies:
    graceful-fs "^4.1.2"
    jsonfile "^2.1.0"
    klaw "^1.0.0"
    path-is-absolute "^1.0.0"
    rimraf "^2.2.8"

fs.realpath@^1.0.0:
  version "1.0.0"
  resolved "https://registry.yarnpkg.com/fs.realpath/-/fs.realpath-1.0.0.tgz#1504ad2523158caa40db4a2787cb01411994ea4f"
  integrity sha1-FQStJSMVjKpA20onh8sBQRmU6k8=

glob@^7.1.3, glob@^7.1.4:
  version "7.1.6"
  resolved "https://registry.yarnpkg.com/glob/-/glob-7.1.6.tgz#141f33b81a7c2492e125594307480c46679278a6"
  integrity sha512-LwaxwyZ72Lk7vZINtNNrywX0ZuLyStrdDtabefZKAY5ZGJhVtgdznluResxNmPitE0SAO+O26sWTHeKSI2wMBA==
  dependencies:
    fs.realpath "^1.0.0"
    inflight "^1.0.4"
    inherits "2"
    minimatch "^3.0.4"
    once "^1.3.0"
    path-is-absolute "^1.0.0"

graceful-fs@^4.1.2, graceful-fs@^4.1.6, graceful-fs@^4.1.9:
  version "4.2.6"
  resolved "https://registry.yarnpkg.com/graceful-fs/-/graceful-fs-4.2.6.tgz#ff040b2b0853b23c3d31027523706f1885d76bee"
  integrity sha512-nTnJ528pbqxYanhpDYsi4Rd8MAeaBA67+RZ10CM1m3bTAVFEDcd5AuA4a6W5YkGZ1iNXHzZz8T6TBKLeBuNriQ==

hash.js@1.1.3:
  version "1.1.3"
  resolved "https://registry.yarnpkg.com/hash.js/-/hash.js-1.1.3.tgz#340dedbe6290187151c1ea1d777a3448935df846"
  integrity sha512-/UETyP0W22QILqS+6HowevwhEFJ3MBJnwTf75Qob9Wz9t0DPuisL8kW8YZMK62dHAKE1c1p+gY1TtOLY+USEHA==
  dependencies:
    inherits "^2.0.3"
    minimalistic-assert "^1.0.0"

hash.js@^1.0.0, hash.js@^1.0.3:
  version "1.1.7"
  resolved "https://registry.yarnpkg.com/hash.js/-/hash.js-1.1.7.tgz#0babca538e8d4ee4a0f8988d68866537a003cf42"
  integrity sha512-taOaskGt4z4SOANNseOviYDvjEJinIkRgmp7LbKP2YTTmVxWBl87s/uzK9r+44BclBSp2X7K1hqeNfz9JbBeXA==
  dependencies:
    inherits "^2.0.3"
    minimalistic-assert "^1.0.1"

hmac-drbg@^1.0.1:
  version "1.0.1"
  resolved "https://registry.yarnpkg.com/hmac-drbg/-/hmac-drbg-1.0.1.tgz#d2745701025a6c775a6c545793ed502fc0c649a1"
  integrity sha1-0nRXAQJabHdabFRXk+1QL8DGSaE=
  dependencies:
    hash.js "^1.0.3"
    minimalistic-assert "^1.0.0"
    minimalistic-crypto-utils "^1.0.1"

inflight@^1.0.4:
  version "1.0.6"
  resolved "https://registry.yarnpkg.com/inflight/-/inflight-1.0.6.tgz#49bd6331d7d02d0c09bc910a1075ba8165b56df9"
  integrity sha1-Sb1jMdfQLQwJvJEKEHW6gWW1bfk=
  dependencies:
    once "^1.3.0"
    wrappy "1"

inherits@2, inherits@^2.0.3, inherits@^2.0.4:
  version "2.0.4"
  resolved "https://registry.yarnpkg.com/inherits/-/inherits-2.0.4.tgz#0fa2c64f932917c3433a0ded55363aae37416b7c"
  integrity sha512-k/vGaX4/Yla3WzyMCvTQOXYeIHvqOKtnqBduzTHpzpQZzAskKMhZ2K+EnBiSM9zGSoIFeMpXKxa4dYeZIQqewQ==

jasmine-core@~3.5.0:
  version "3.5.0"
  resolved "https://registry.yarnpkg.com/jasmine-core/-/jasmine-core-3.5.0.tgz#132c23e645af96d85c8bca13c8758b18429fc1e4"
  integrity sha512-nCeAiw37MIMA9w9IXso7bRaLl+c/ef3wnxsoSAlYrzS+Ot0zTG6nU8G/cIfGkqpkjX2wNaIW9RFG0TwIFnG6bA==

jasmine@3.5.0:
  version "3.5.0"
  resolved "https://registry.yarnpkg.com/jasmine/-/jasmine-3.5.0.tgz#7101eabfd043a1fc82ac24e0ab6ec56081357f9e"
  integrity sha512-DYypSryORqzsGoMazemIHUfMkXM7I7easFaxAvNM3Mr6Xz3Fy36TupTrAOxZWN8MVKEU5xECv22J4tUQf3uBzQ==
  dependencies:
    glob "^7.1.4"
    jasmine-core "~3.5.0"

js-sha3@0.5.7:
  version "0.5.7"
  resolved "https://registry.yarnpkg.com/js-sha3/-/js-sha3-0.5.7.tgz#0d4ffd8002d5333aabaf4a23eed2f6374c9f28e7"
  integrity sha1-DU/9gALVMzqrr0oj7tL2N0yfKOc=

js-sha3@0.8.0:
  version "0.8.0"
  resolved "https://registry.yarnpkg.com/js-sha3/-/js-sha3-0.8.0.tgz#b9b7a5da73afad7dedd0f8c463954cbde6818840"
  integrity sha512-gF1cRrHhIzNfToc802P800N8PpXS+evLLXfsVpowqmAFR9uwbi89WvXg2QspOmXL8QL86J4T1EpFu+yUkwJY3Q==

jsonfile@^2.1.0:
  version "2.4.0"
  resolved "https://registry.yarnpkg.com/jsonfile/-/jsonfile-2.4.0.tgz#3736a2b428b87bbda0cc83b53fa3d633a35c2ae8"
  integrity sha1-NzaitCi4e72gzIO1P6PWM6NcKug=
  optionalDependencies:
    graceful-fs "^4.1.6"

klaw@^1.0.0:
  version "1.3.1"
  resolved "https://registry.yarnpkg.com/klaw/-/klaw-1.3.1.tgz#4088433b46b3b1ba259d78785d8e96f73ba02439"
  integrity sha1-QIhDO0azsbolnXh4XY6W9zugJDk=
  optionalDependencies:
    graceful-fs "^4.1.9"

make-error@^1.1.1:
  version "1.3.6"
  resolved "https://registry.yarnpkg.com/make-error/-/make-error-1.3.6.tgz#2eb2e37ea9b67c4891f684a1394799af484cf7a2"
  integrity sha512-s8UhlNe7vPKomQhC1qFelMokr/Sc3AgNbso3n74mVPA5LTZwkB9NlXf4XPamLxJE8h0gh73rM94xvwRT2CVInw==

memorystream@^0.3.1:
  version "0.3.1"
  resolved "https://registry.yarnpkg.com/memorystream/-/memorystream-0.3.1.tgz#86d7090b30ce455d63fbae12dda51a47ddcaf9b2"
  integrity sha1-htcJCzDORV1j+64S3aUaR93K+bI=

mime-db@1.47.0:
  version "1.47.0"
  resolved "https://registry.yarnpkg.com/mime-db/-/mime-db-1.47.0.tgz#8cb313e59965d3c05cfbf898915a267af46a335c"
  integrity sha512-QBmA/G2y+IfeS4oktet3qRZ+P5kPhCKRXxXnQEudYqUaEioAU1/Lq2us3D/t1Jfo4hE9REQPrbB7K5sOczJVIw==

mime-types@^2.1.12:
  version "2.1.30"
  resolved "https://registry.yarnpkg.com/mime-types/-/mime-types-2.1.30.tgz#6e7be8b4c479825f85ed6326695db73f9305d62d"
  integrity sha512-crmjA4bLtR8m9qLpHvgxSChT+XoSlZi8J4n/aIdn3z92e/U47Z0V/yl+Wh9W046GgFVAmoNR/fmdbZYcSSIUeg==
  dependencies:
    mime-db "1.47.0"

minimalistic-assert@^1.0.0, minimalistic-assert@^1.0.1:
  version "1.0.1"
  resolved "https://registry.yarnpkg.com/minimalistic-assert/-/minimalistic-assert-1.0.1.tgz#2e194de044626d4a10e7f7fbc00ce73e83e4d5c7"
  integrity sha512-UtJcAD4yEaGtjPezWuO9wC4nwUnVH/8/Im3yEHQP4b67cXlD/Qr9hdITCU1xDbSEXg2XKNaP8jsReV7vQd00/A==

minimalistic-crypto-utils@^1.0.1:
  version "1.0.1"
  resolved "https://registry.yarnpkg.com/minimalistic-crypto-utils/-/minimalistic-crypto-utils-1.0.1.tgz#f6c00c1c0b082246e5c4d99dfb8c7c083b2b582a"
  integrity sha1-9sAMHAsIIkblxNmd+4x8CDsrWCo=

minimatch@^3.0.4:
  version "3.0.4"
  resolved "https://registry.yarnpkg.com/minimatch/-/minimatch-3.0.4.tgz#5166e286457f03306064be5497e8dbb0c3d32083"
  integrity sha512-yJHVQEhyqPLUTgt9B83PXu6W3rx4MvvHvSUvToogpwoGDOUQ+yDrR0HRot+yOCdCO7u4hX3pWft6kWBBcqh0UA==
  dependencies:
    brace-expansion "^1.1.7"

node-fetch@2.6.1:
  version "2.6.1"
  resolved "https://registry.yarnpkg.com/node-fetch/-/node-fetch-2.6.1.tgz#045bd323631f76ed2e2b55573394416b639a0052"
  integrity sha512-V4aYg89jEoVRxRb2fJdAg8FHvI7cEyYdVAh94HH0UIK8oJxUfkjlDQN9RbMx+bEjP7+ggMiFRprSti032Oipxw==

once@^1.3.0:
  version "1.4.0"
  resolved "https://registry.yarnpkg.com/once/-/once-1.4.0.tgz#583b1aa775961d4b113ac17d9c50baef9dd76bd1"
  integrity sha1-WDsap3WWHUsROsF9nFC6753Xa9E=
  dependencies:
    wrappy "1"

os-tmpdir@~1.0.2:
  version "1.0.2"
  resolved "https://registry.yarnpkg.com/os-tmpdir/-/os-tmpdir-1.0.2.tgz#bbe67406c79aa85c5cfec766fe5734555dfa1274"
  integrity sha1-u+Z0BseaqFxc/sdm/lc0VV36EnQ=

path-is-absolute@^1.0.0:
  version "1.0.1"
  resolved "https://registry.yarnpkg.com/path-is-absolute/-/path-is-absolute-1.0.1.tgz#174b9268735534ffbc7ace6bf53a5a9e1b5c5f5f"
  integrity sha1-F0uSaHNVNP+8es5r9TpanhtcX18=

pvtsutils@^1.0.10, pvtsutils@^1.1.2:
  version "1.1.5"
  resolved "https://registry.yarnpkg.com/pvtsutils/-/pvtsutils-1.1.5.tgz#9ead6089ee7c740e4c1349408cd61d95d4049d19"
  integrity sha512-ezKMaUaksCEhhrHzOgeUvCv4NVmMRpc9pbGJxoZ1XcqrVvYhxPaPqwrSvoG4eMCBNMn3RRT+h4IRj6ZOVNcXzg==
  dependencies:
    tslib "^2.2.0"

pvutils@latest:
  version "1.0.17"
  resolved "https://registry.yarnpkg.com/pvutils/-/pvutils-1.0.17.tgz#ade3c74dfe7178944fe44806626bd2e249d996bf"
  integrity sha512-wLHYUQxWaXVQvKnwIDWFVKDJku9XDCvyhhxoq8dc5MFdIlRenyPI9eSfEtcvgHgD7FlvCyGAlWgOzRnZD99GZQ==

require-from-string@^2.0.0:
  version "2.0.2"
  resolved "https://registry.yarnpkg.com/require-from-string/-/require-from-string-2.0.2.tgz#89a7fdd938261267318eafe14f9c32e598c36909"
  integrity sha512-Xf0nWe6RseziFMu+Ap9biiUbmplq6S9/p+7w7YXP/JBHhrUDDUhwa+vANyubuqfZWTveU//DYVGsDG7RKL/vEw==

rimraf@^2.2.8:
  version "2.7.1"
  resolved "https://registry.yarnpkg.com/rimraf/-/rimraf-2.7.1.tgz#35797f13a7fdadc566142c29d4f07ccad483e3ec"
  integrity sha512-uWjbaKIK3T1OSVptzX7Nl6PvQ3qAGtKEtVRjRuazjfL3Bx5eI409VZSqgND+4UNnmzLVdPj9FqFJNPqBZFve4w==
  dependencies:
    glob "^7.1.3"

scrypt-js@3.0.1:
  version "3.0.1"
  resolved "https://registry.yarnpkg.com/scrypt-js/-/scrypt-js-3.0.1.tgz#d314a57c2aef69d1ad98a138a21fe9eafa9ee312"
  integrity sha512-cdwTTnqPu0Hyvf5in5asVdZocVDTNRmR7XEcJuIzMjJeSHybHl7vpB66AzwTaIg6CLSbtjcxc8fqcySfnTkccA==

semver@^5.5.0:
  version "5.7.1"
  resolved "https://registry.yarnpkg.com/semver/-/semver-5.7.1.tgz#a954f931aeba508d307bbf069eff0c01c96116f7"
  integrity sha512-sauaDf/PZdVgrLTNYHRtpXa1iRiKcaebiKQ1BJdpQlWH2lCvexQdX55snPFyK7QzpudqbCI0qXFfOasHdyNDGQ==

solc@0.6.8:
  version "0.6.8"
  resolved "https://registry.yarnpkg.com/solc/-/solc-0.6.8.tgz#accf03634554938e166ba9b9853d17ca5c728131"
  integrity sha512-7URBAisWVjO7dwWNpEkQ5dpRSpSF4Wm0aD5EB82D5BQKh+q7jhOxhgkG4K5gax/geM0kPZUAxnaLcgl2ZXBgMQ==
  dependencies:
    command-exists "^1.2.8"
    commander "3.0.2"
    fs-extra "^0.30.0"
    js-sha3 "0.8.0"
    memorystream "^0.3.1"
    require-from-string "^2.0.0"
    semver "^5.5.0"
    tmp "0.0.33"

source-map-support@^0.5.17:
  version "0.5.19"
  resolved "https://registry.yarnpkg.com/source-map-support/-/source-map-support-0.5.19.tgz#a98b62f86dcaf4f67399648c085291ab9e8fed61"
  integrity sha512-Wonm7zOCIJzBGQdB+thsPar0kYuCIzYvxZwlBa87yi/Mdjv7Tip2cyVbLj5o0cFPN4EVkuTwb3GDDyUx2DGnGw==
  dependencies:
    buffer-from "^1.0.0"
    source-map "^0.6.0"

source-map@^0.6.0:
  version "0.6.1"
  resolved "https://registry.yarnpkg.com/source-map/-/source-map-0.6.1.tgz#74722af32e9614e9c287a8d0bbde48b5e2f1a263"
  integrity sha512-UjgapumWlbMhkBgzT7Ykc5YXUT46F0iKu8SGXq0bcwP5dz/h0Plj6enJqjz1Zbq2l5WaqYnrVbwWOWMyF3F47g==

tmp@0.0.33:
  version "0.0.33"
  resolved "https://registry.yarnpkg.com/tmp/-/tmp-0.0.33.tgz#6d34335889768d21b2bcda0aa277ced3b1bfadf9"
  integrity sha512-jRCJlojKnZ3addtTOjdIqoRuPEKBvNXcGYqzO6zWZX8KfKEpnGY5jfggJQ3EjKuu8D4bJRr0y+cYJFmYbImXGw==
  dependencies:
    os-tmpdir "~1.0.2"

ts-node@8.10.1:
  version "8.10.1"
  resolved "https://registry.yarnpkg.com/ts-node/-/ts-node-8.10.1.tgz#77da0366ff8afbe733596361d2df9a60fc9c9bd3"
  integrity sha512-bdNz1L4ekHiJul6SHtZWs1ujEKERJnHs4HxN7rjTyyVOFf3HaJ6sLqe6aPG62XTzAB/63pKRh5jTSWL0D7bsvw==
  dependencies:
    arg "^4.1.0"
    diff "^4.0.1"
    make-error "^1.1.1"
    source-map-support "^0.5.17"
    yn "3.1.1"

tslib@^1.11.2:
  version "1.14.1"
  resolved "https://registry.yarnpkg.com/tslib/-/tslib-1.14.1.tgz#cf2d38bdc34a134bcaf1091c41f6619e2f672d00"
  integrity sha512-Xni35NKzjgMrwevysHTCArtLDpPvye8zV/0E4EyYn43P7/7qvQwPh9BGkHewbMulVntbigmcT7rdX3BNo9wRJg==

tslib@^2.0.0, tslib@^2.1.0, tslib@^2.2.0:
  version "2.2.0"
  resolved "https://registry.yarnpkg.com/tslib/-/tslib-2.2.0.tgz#fb2c475977e35e241311ede2693cee1ec6698f5c"
  integrity sha512-gS9GVHRU+RGn5KQM2rllAlR3dU6m7AcpJKdtH8gFvQiC4Otgk98XnmMU+nZenHt/+VhnBPWwgrJsyrdcw6i23w==

typescript@3.9.3:
  version "3.9.3"
  resolved "https://registry.yarnpkg.com/typescript/-/typescript-3.9.3.tgz#d3ac8883a97c26139e42df5e93eeece33d610b8a"
  integrity sha512-D/wqnB2xzNFIcoBG9FG8cXRDjiqSTbG2wd8DMZeQyJlP1vfTkIxH4GKveWaEBYySKIg+USu+E+EDIR47SqnaMQ==

webcrypto-core@^1.1.0:
  version "1.2.0"
  resolved "https://registry.yarnpkg.com/webcrypto-core/-/webcrypto-core-1.2.0.tgz#44fda3f9315ed6effe9a1e47466e0935327733b5"
  integrity sha512-p76Z/YLuE4CHCRdc49FB/ETaM4bzM3roqWNJeGs+QNY1fOTzKTOVnhmudW1fuO+5EZg6/4LG9NJ6gaAyxTk9XQ==
  dependencies:
    "@peculiar/asn1-schema" "^2.0.27"
    "@peculiar/json-schema" "^1.1.12"
    asn1js "^2.0.26"
    pvtsutils "^1.1.2"
    tslib "^2.1.0"

wrappy@1:
  version "1.0.2"
  resolved "https://registry.yarnpkg.com/wrappy/-/wrappy-1.0.2.tgz#b5243d8f3ec1aa35f1364605bc0d1036e30ab69f"
  integrity sha1-tSQ9jz7BqjXxNkYFvA0QNuMKtp8=

ws@7.2.3:
  version "7.2.3"
  resolved "https://registry.yarnpkg.com/ws/-/ws-7.2.3.tgz#a5411e1fb04d5ed0efee76d26d5c46d830c39b46"
  integrity sha512-HTDl9G9hbkNDk98naoR/cHDws7+EyYMOdL1BmjsZXRUjf7d+MficC4B7HLUPlSiho0vg+CWKrGIt/VJBd1xunQ==

yn@3.1.1:
  version "3.1.1"
  resolved "https://registry.yarnpkg.com/yn/-/yn-3.1.1.tgz#1e87401a09d767c1d5eab26a6e4c185182d2eb50"
  integrity sha512-Ux4ygGWsu2c7isFWe8Yu1YluJmqVhxqK2cLXNQA5AcC3QfbGNpM7fu0Y8b/z16pXLnFxZYvWhd3fhBY9DLmC6Q==
